// !$*UTF8*$!
{
	archiveVersion = 1;
	classes = {
	};
	objectVersion = 56;
	objects = {

/* Begin PBXBuildFile section */
		9206CF462B19C8ED006D637E /* DayConterService.swift in Sources */ = {isa = PBXBuildFile; fileRef = 92534FAD2B1355EE00395B75 /* DayConterService.swift */; };
		9206CF4A2B19F515006D637E /* WidgetBunner.swift in Sources */ = {isa = PBXBuildFile; fileRef = 9206CF492B19F515006D637E /* WidgetBunner.swift */; };
		9206CF4C2B19F598006D637E /* TarotReaderResponseBanner.swift in Sources */ = {isa = PBXBuildFile; fileRef = 9206CF4B2B19F598006D637E /* TarotReaderResponseBanner.swift */; };
		9206CF4E2B19F644006D637E /* SubscriptionBanner.swift in Sources */ = {isa = PBXBuildFile; fileRef = 9206CF4D2B19F644006D637E /* SubscriptionBanner.swift */; };
		9206CF502B19F6DC006D637E /* TopLogoBanner.swift in Sources */ = {isa = PBXBuildFile; fileRef = 9206CF4F2B19F6DC006D637E /* TopLogoBanner.swift */; };
		9206CF532B1A0007006D637E /* AdvantagesBanner.swift in Sources */ = {isa = PBXBuildFile; fileRef = 9206CF522B1A0007006D637E /* AdvantagesBanner.swift */; };
		9206CF562B1A006A006D637E /* SubscriptionPriceBunner.swift in Sources */ = {isa = PBXBuildFile; fileRef = 9206CF552B1A006A006D637E /* SubscriptionPriceBunner.swift */; };
		9206CF582B1A01B7006D637E /* SubscribeButton.swift in Sources */ = {isa = PBXBuildFile; fileRef = 9206CF572B1A01B7006D637E /* SubscribeButton.swift */; };
		9206CF5A2B1A02B8006D637E /* BillingTextNoteBanner.swift in Sources */ = {isa = PBXBuildFile; fileRef = 9206CF592B1A02B8006D637E /* BillingTextNoteBanner.swift */; };
		9206CF5C2B1A046A006D637E /* ResizebleImage.swift in Sources */ = {isa = PBXBuildFile; fileRef = 9206CF5B2B1A046A006D637E /* ResizebleImage.swift */; };
		9206CF5E2B1A05BE006D637E /* TopGrandTitle.swift in Sources */ = {isa = PBXBuildFile; fileRef = 9206CF5D2B1A05BE006D637E /* TopGrandTitle.swift */; };
		9206CF622B1A0A62006D637E /* FakeCardView.swift in Sources */ = {isa = PBXBuildFile; fileRef = 9206CF612B1A0A62006D637E /* FakeCardView.swift */; };
		920955532AF7C17C00BEA64D /* FLAnimatedImage in Frameworks */ = {isa = PBXBuildFile; productRef = 920955522AF7C17C00BEA64D /* FLAnimatedImage */; };
		920955552AF7C31900BEA64D /* BackGroundView.swift in Sources */ = {isa = PBXBuildFile; fileRef = 920955542AF7C31900BEA64D /* BackGroundView.swift */; };
		9209555B2AF7E46200BEA64D /* ElMessiri-Medium.ttf in Resources */ = {isa = PBXBuildFile; fileRef = 920955572AF7E46200BEA64D /* ElMessiri-Medium.ttf */; };
		9209555C2AF7E46200BEA64D /* ElMessiri-Regular.ttf in Resources */ = {isa = PBXBuildFile; fileRef = 920955582AF7E46200BEA64D /* ElMessiri-Regular.ttf */; };
		9209555D2AF7E46200BEA64D /* ElMessiri-Bold.ttf in Resources */ = {isa = PBXBuildFile; fileRef = 920955592AF7E46200BEA64D /* ElMessiri-Bold.ttf */; };
		9209555E2AF7E46200BEA64D /* ElMessiri-SemiBold.ttf in Resources */ = {isa = PBXBuildFile; fileRef = 9209555A2AF7E46200BEA64D /* ElMessiri-SemiBold.ttf */; };
		922B0CFF2B0D26E200FF7241 /* ChooseYourCardArtView.swift in Sources */ = {isa = PBXBuildFile; fileRef = 922B0CFE2B0D26E200FF7241 /* ChooseYourCardArtView.swift */; };
		922B0D012B0D457500FF7241 /* StupidHeightHelper.swift in Sources */ = {isa = PBXBuildFile; fileRef = 922B0D002B0D457500FF7241 /* StupidHeightHelper.swift */; };
		922B0D6E2B0E55B500FF7241 /* LoadingIndicator.swift in Sources */ = {isa = PBXBuildFile; fileRef = 922B0D6D2B0E55B500FF7241 /* LoadingIndicator.swift */; };
		92534FA82B132F2100395B75 /* Haptic.swift in Sources */ = {isa = PBXBuildFile; fileRef = 92534FA72B132F2100395B75 /* Haptic.swift */; };
		92534FA92B133F2C00395B75 /* ElMessiri-SemiBold.ttf in Resources */ = {isa = PBXBuildFile; fileRef = 9209555A2AF7E46200BEA64D /* ElMessiri-SemiBold.ttf */; };
		92534FAA2B133F2C00395B75 /* ElMessiri-Medium.ttf in Resources */ = {isa = PBXBuildFile; fileRef = 920955572AF7E46200BEA64D /* ElMessiri-Medium.ttf */; };
		92534FAB2B133F2C00395B75 /* ElMessiri-Regular.ttf in Resources */ = {isa = PBXBuildFile; fileRef = 920955582AF7E46200BEA64D /* ElMessiri-Regular.ttf */; };
		92534FAC2B133F2C00395B75 /* ElMessiri-Bold.ttf in Resources */ = {isa = PBXBuildFile; fileRef = 920955592AF7E46200BEA64D /* ElMessiri-Bold.ttf */; };
		92534FAE2B1355EE00395B75 /* DayConterService.swift in Sources */ = {isa = PBXBuildFile; fileRef = 92534FAD2B1355EE00395B75 /* DayConterService.swift */; };
		92689F2F2AFBF5B10035590A /* HorMenuSnap.swift in Sources */ = {isa = PBXBuildFile; fileRef = 92689F2E2AFBF5B10035590A /* HorMenuSnap.swift */; };
		926D74FB2AFD413400F9CF88 /* TarotDB.swift in Sources */ = {isa = PBXBuildFile; fileRef = 926D74FA2AFD413400F9CF88 /* TarotDB.swift */; };
		927A94122AF52857007889A4 /* EsotericApp.swift in Sources */ = {isa = PBXBuildFile; fileRef = 927A94112AF52857007889A4 /* EsotericApp.swift */; };
		927A94142AF52857007889A4 /* TestView.swift in Sources */ = {isa = PBXBuildFile; fileRef = 927A94132AF52857007889A4 /* TestView.swift */; };
		927A94162AF52859007889A4 /* Assets.xcassets in Resources */ = {isa = PBXBuildFile; fileRef = 927A94152AF52859007889A4 /* Assets.xcassets */; };
		927A94192AF52859007889A4 /* Preview Assets.xcassets in Resources */ = {isa = PBXBuildFile; fileRef = 927A94182AF52859007889A4 /* Preview Assets.xcassets */; };
		927A94212AF5297B007889A4 /* AlertToast in Frameworks */ = {isa = PBXBuildFile; productRef = 927A94202AF5297B007889A4 /* AlertToast */; };
		927A94382AF52BA1007889A4 /* FirebaseAnalytics in Frameworks */ = {isa = PBXBuildFile; productRef = 927A94372AF52BA1007889A4 /* FirebaseAnalytics */; };
		927A943A2AF52BA1007889A4 /* FirebaseAnalyticsOnDeviceConversion in Frameworks */ = {isa = PBXBuildFile; productRef = 927A94392AF52BA1007889A4 /* FirebaseAnalyticsOnDeviceConversion */; };
		927A943C2AF52BA1007889A4 /* FirebaseAnalyticsSwift in Frameworks */ = {isa = PBXBuildFile; productRef = 927A943B2AF52BA1007889A4 /* FirebaseAnalyticsSwift */; };
		927A943E2AF52BA1007889A4 /* FirebaseAnalyticsWithoutAdIdSupport in Frameworks */ = {isa = PBXBuildFile; productRef = 927A943D2AF52BA1007889A4 /* FirebaseAnalyticsWithoutAdIdSupport */; };
		927A94402AF52BA1007889A4 /* FirebaseAppCheck in Frameworks */ = {isa = PBXBuildFile; productRef = 927A943F2AF52BA1007889A4 /* FirebaseAppCheck */; };
		927A94432AF52E50007889A4 /* ReceiptParser in Frameworks */ = {isa = PBXBuildFile; productRef = 927A94422AF52E50007889A4 /* ReceiptParser */; };
		927A94452AF52E50007889A4 /* RevenueCat in Frameworks */ = {isa = PBXBuildFile; productRef = 927A94442AF52E50007889A4 /* RevenueCat */; };
		927A94472AF52E50007889A4 /* RevenueCatUI in Frameworks */ = {isa = PBXBuildFile; productRef = 927A94462AF52E50007889A4 /* RevenueCatUI */; };
		927A94582AF52F43007889A4 /* User.swift in Sources */ = {isa = PBXBuildFile; fileRef = 927A944A2AF52F43007889A4 /* User.swift */; };
		927A945A2AF52F43007889A4 /* Helpers.swift in Sources */ = {isa = PBXBuildFile; fileRef = 927A944C2AF52F43007889A4 /* Helpers.swift */; };
		927A945B2AF52F43007889A4 /* ConditionsTermsView.swift in Sources */ = {isa = PBXBuildFile; fileRef = 927A944E2AF52F43007889A4 /* ConditionsTermsView.swift */; };
		927A945C2AF52F43007889A4 /* HomeView.swift in Sources */ = {isa = PBXBuildFile; fileRef = 927A944F2AF52F43007889A4 /* HomeView.swift */; };
		927A945D2AF52F43007889A4 /* ScreenContentView.swift in Sources */ = {isa = PBXBuildFile; fileRef = 927A94502AF52F43007889A4 /* ScreenContentView.swift */; };
		927A945E2AF52F43007889A4 /* SubscriptionView.swift in Sources */ = {isa = PBXBuildFile; fileRef = 927A94512AF52F43007889A4 /* SubscriptionView.swift */; };
		927A945F2AF52F43007889A4 /* LaunchScreenView.swift in Sources */ = {isa = PBXBuildFile; fileRef = 927A94522AF52F43007889A4 /* LaunchScreenView.swift */; };
		927A94602AF52F43007889A4 /* OnboardingView.swift in Sources */ = {isa = PBXBuildFile; fileRef = 927A94532AF52F43007889A4 /* OnboardingView.swift */; };
		927A94612AF52F43007889A4 /* EmodjiIcon.swift in Sources */ = {isa = PBXBuildFile; fileRef = 927A94552AF52F43007889A4 /* EmodjiIcon.swift */; };
		927A94622AF52F43007889A4 /* UIThemeView.swift in Sources */ = {isa = PBXBuildFile; fileRef = 927A94562AF52F43007889A4 /* UIThemeView.swift */; };
		927A94632AF52F43007889A4 /* UIModification.swift in Sources */ = {isa = PBXBuildFile; fileRef = 927A94572AF52F43007889A4 /* UIModification.swift */; };
		927A94662AF53499007889A4 /* FirebaseRemoteConfig in Frameworks */ = {isa = PBXBuildFile; productRef = 927A94652AF53499007889A4 /* FirebaseRemoteConfig */; };
		927A94682AF53CE9007889A4 /* GoogleService-Info-Debug.plist in Resources */ = {isa = PBXBuildFile; fileRef = 927A94672AF53CE9007889A4 /* GoogleService-Info-Debug.plist */; };
		927A946A2AF53D42007889A4 /* GoogleService-Info-Release.plist in Resources */ = {isa = PBXBuildFile; fileRef = 927A94692AF53D42007889A4 /* GoogleService-Info-Release.plist */; };
		927A946E2AF540FC007889A4 /* CardsSample.swift in Sources */ = {isa = PBXBuildFile; fileRef = 927A946D2AF540FC007889A4 /* CardsSample.swift */; };
		927A94732AF56236007889A4 /* GPTService.swift in Sources */ = {isa = PBXBuildFile; fileRef = 927A94722AF56236007889A4 /* GPTService.swift */; };
		927A94752AF569EF007889A4 /* CardsTableView.swift in Sources */ = {isa = PBXBuildFile; fileRef = 927A94742AF569EF007889A4 /* CardsTableView.swift */; };
		927CC22D2AFEA0AB00A77B20 /* CardsLayouts.swift in Sources */ = {isa = PBXBuildFile; fileRef = 927CC22C2AFEA0AB00A77B20 /* CardsLayouts.swift */; };
		927CC2302AFEBA2900A77B20 /* Shiny in Frameworks */ = {isa = PBXBuildFile; productRef = 927CC22F2AFEBA2900A77B20 /* Shiny */; };
		9292464A2B18EAFB0082D089 /* FreeUsetageService.swift in Sources */ = {isa = PBXBuildFile; fileRef = 929246492B18EAFB0082D089 /* FreeUsetageService.swift */; };
		92E414D92B0A5776000393EF /* StorageService.swift in Sources */ = {isa = PBXBuildFile; fileRef = 92E414D82B0A5776000393EF /* StorageService.swift */; };
		92E414DB2B0AA9C4000393EF /* TextFieldCustomStyle.swift in Sources */ = {isa = PBXBuildFile; fileRef = 92E414DA2B0AA9C4000393EF /* TextFieldCustomStyle.swift */; };
		92F8BB602B052C4200DF3ADA /* AmazingCardTest.swift in Sources */ = {isa = PBXBuildFile; fileRef = 92F8BB5F2B052C4200DF3ADA /* AmazingCardTest.swift */; };
		92FBD3D12B07F06400BD1446 /* SwiftDate in Frameworks */ = {isa = PBXBuildFile; productRef = 92FBD3D02B07F06400BD1446 /* SwiftDate */; };
		FA27DA7A2AFF83DF0096D081 /* Tarologs.swift in Sources */ = {isa = PBXBuildFile; fileRef = FA27DA792AFF83DF0096D081 /* Tarologs.swift */; };
		FA27DA7C2AFFADC80096D081 /* TarotSpread.swift in Sources */ = {isa = PBXBuildFile; fileRef = FA27DA7B2AFFADC80096D081 /* TarotSpread.swift */; };
		FA27DA7F2AFFC1700096D081 /* NotificationsService.swift in Sources */ = {isa = PBXBuildFile; fileRef = FA27DA7E2AFFC1700096D081 /* NotificationsService.swift */; };
		FA3815632B0EB5FA00CB1C1F /* WidgetKit.framework in Frameworks */ = {isa = PBXBuildFile; fileRef = FA3815622B0EB5FA00CB1C1F /* WidgetKit.framework */; };
		FA3815652B0EB5FA00CB1C1F /* SwiftUI.framework in Frameworks */ = {isa = PBXBuildFile; fileRef = FA3815642B0EB5FA00CB1C1F /* SwiftUI.framework */; };
		FA3815682B0EB5FA00CB1C1F /* EsotericWidgetBundle.swift in Sources */ = {isa = PBXBuildFile; fileRef = FA3815672B0EB5FA00CB1C1F /* EsotericWidgetBundle.swift */; };
		FA38156A2B0EB5FA00CB1C1F /* EsotericWidget.swift in Sources */ = {isa = PBXBuildFile; fileRef = FA3815692B0EB5FA00CB1C1F /* EsotericWidget.swift */; };
		FA38156C2B0EB5FC00CB1C1F /* Assets.xcassets in Resources */ = {isa = PBXBuildFile; fileRef = FA38156B2B0EB5FC00CB1C1F /* Assets.xcassets */; };
		FA3815702B0EB5FC00CB1C1F /* EsotericWidgetExtension.appex in Embed Foundation Extensions */ = {isa = PBXBuildFile; fileRef = FA3815612B0EB5FA00CB1C1F /* EsotericWidgetExtension.appex */; settings = {ATTRIBUTES = (RemoveHeadersOnCopy, ); }; };
		FA3815772B0EB64800CB1C1F /* SmallWidget.swift in Sources */ = {isa = PBXBuildFile; fileRef = FA3815752B0EB64800CB1C1F /* SmallWidget.swift */; };
		FA4CA1812B137FF30089072D /* Localizable.xcstrings in Resources */ = {isa = PBXBuildFile; fileRef = FA4CA1802B137FF30089072D /* Localizable.xcstrings */; };
		FA4CA1832B1382CB0089072D /* LocalizationEntry.swift in Sources */ = {isa = PBXBuildFile; fileRef = FA4CA1822B1382CB0089072D /* LocalizationEntry.swift */; };
		FA7664132B0D5706008437AB /* TarotModels.swift in Sources */ = {isa = PBXBuildFile; fileRef = FA7664122B0D5706008437AB /* TarotModels.swift */; };
		FAA0D06C2B1678F300188609 /* LocalizationEntry.swift in Sources */ = {isa = PBXBuildFile; fileRef = FA4CA1822B1382CB0089072D /* LocalizationEntry.swift */; };
/* End PBXBuildFile section */

/* Begin PBXContainerItemProxy section */
		FA38156E2B0EB5FC00CB1C1F /* PBXContainerItemProxy */ = {
			isa = PBXContainerItemProxy;
			containerPortal = 927A94062AF52857007889A4 /* Project object */;
			proxyType = 1;
			remoteGlobalIDString = FA3815602B0EB5FA00CB1C1F;
			remoteInfo = EsotericWidgetExtension;
		};
/* End PBXContainerItemProxy section */

/* Begin PBXCopyFilesBuildPhase section */
		FA3815712B0EB5FC00CB1C1F /* Embed Foundation Extensions */ = {
			isa = PBXCopyFilesBuildPhase;
			buildActionMask = 2147483647;
			dstPath = "";
			dstSubfolderSpec = 13;
			files = (
				FA3815702B0EB5FC00CB1C1F /* EsotericWidgetExtension.appex in Embed Foundation Extensions */,
			);
			name = "Embed Foundation Extensions";
			runOnlyForDeploymentPostprocessing = 0;
		};
/* End PBXCopyFilesBuildPhase section */

/* Begin PBXFileReference section */
		9206CF492B19F515006D637E /* WidgetBunner.swift */ = {isa = PBXFileReference; lastKnownFileType = sourcecode.swift; path = WidgetBunner.swift; sourceTree = "<group>"; };
		9206CF4B2B19F598006D637E /* TarotReaderResponseBanner.swift */ = {isa = PBXFileReference; lastKnownFileType = sourcecode.swift; path = TarotReaderResponseBanner.swift; sourceTree = "<group>"; };
		9206CF4D2B19F644006D637E /* SubscriptionBanner.swift */ = {isa = PBXFileReference; lastKnownFileType = sourcecode.swift; path = SubscriptionBanner.swift; sourceTree = "<group>"; };
		9206CF4F2B19F6DC006D637E /* TopLogoBanner.swift */ = {isa = PBXFileReference; lastKnownFileType = sourcecode.swift; path = TopLogoBanner.swift; sourceTree = "<group>"; };
		9206CF522B1A0007006D637E /* AdvantagesBanner.swift */ = {isa = PBXFileReference; lastKnownFileType = sourcecode.swift; path = AdvantagesBanner.swift; sourceTree = "<group>"; };
		9206CF552B1A006A006D637E /* SubscriptionPriceBunner.swift */ = {isa = PBXFileReference; lastKnownFileType = sourcecode.swift; path = SubscriptionPriceBunner.swift; sourceTree = "<group>"; };
		9206CF572B1A01B7006D637E /* SubscribeButton.swift */ = {isa = PBXFileReference; lastKnownFileType = sourcecode.swift; path = SubscribeButton.swift; sourceTree = "<group>"; };
		9206CF592B1A02B8006D637E /* BillingTextNoteBanner.swift */ = {isa = PBXFileReference; lastKnownFileType = sourcecode.swift; path = BillingTextNoteBanner.swift; sourceTree = "<group>"; };
		9206CF5B2B1A046A006D637E /* ResizebleImage.swift */ = {isa = PBXFileReference; lastKnownFileType = sourcecode.swift; path = ResizebleImage.swift; sourceTree = "<group>"; };
		9206CF5D2B1A05BE006D637E /* TopGrandTitle.swift */ = {isa = PBXFileReference; lastKnownFileType = sourcecode.swift; path = TopGrandTitle.swift; sourceTree = "<group>"; };
		9206CF612B1A0A62006D637E /* FakeCardView.swift */ = {isa = PBXFileReference; lastKnownFileType = sourcecode.swift; path = FakeCardView.swift; sourceTree = "<group>"; };
		920955542AF7C31900BEA64D /* BackGroundView.swift */ = {isa = PBXFileReference; lastKnownFileType = sourcecode.swift; path = BackGroundView.swift; sourceTree = "<group>"; };
		920955572AF7E46200BEA64D /* ElMessiri-Medium.ttf */ = {isa = PBXFileReference; lastKnownFileType = file; path = "ElMessiri-Medium.ttf"; sourceTree = "<group>"; };
		920955582AF7E46200BEA64D /* ElMessiri-Regular.ttf */ = {isa = PBXFileReference; lastKnownFileType = file; path = "ElMessiri-Regular.ttf"; sourceTree = "<group>"; };
		920955592AF7E46200BEA64D /* ElMessiri-Bold.ttf */ = {isa = PBXFileReference; lastKnownFileType = file; path = "ElMessiri-Bold.ttf"; sourceTree = "<group>"; };
		9209555A2AF7E46200BEA64D /* ElMessiri-SemiBold.ttf */ = {isa = PBXFileReference; lastKnownFileType = file; path = "ElMessiri-SemiBold.ttf"; sourceTree = "<group>"; };
		922B0CFE2B0D26E200FF7241 /* ChooseYourCardArtView.swift */ = {isa = PBXFileReference; lastKnownFileType = sourcecode.swift; path = ChooseYourCardArtView.swift; sourceTree = "<group>"; };
		922B0D002B0D457500FF7241 /* StupidHeightHelper.swift */ = {isa = PBXFileReference; lastKnownFileType = sourcecode.swift; path = StupidHeightHelper.swift; sourceTree = "<group>"; };
		922B0D6D2B0E55B500FF7241 /* LoadingIndicator.swift */ = {isa = PBXFileReference; lastKnownFileType = sourcecode.swift; path = LoadingIndicator.swift; sourceTree = "<group>"; };
		92534FA72B132F2100395B75 /* Haptic.swift */ = {isa = PBXFileReference; lastKnownFileType = sourcecode.swift; path = Haptic.swift; sourceTree = "<group>"; };
		92534FAD2B1355EE00395B75 /* DayConterService.swift */ = {isa = PBXFileReference; lastKnownFileType = sourcecode.swift; path = DayConterService.swift; sourceTree = "<group>"; };
		92534FAF2B13582900395B75 /* Esoteric.entitlements */ = {isa = PBXFileReference; lastKnownFileType = text.plist.entitlements; path = Esoteric.entitlements; sourceTree = "<group>"; };
		92534FB02B13584B00395B75 /* EsotericWidgetExtension.entitlements */ = {isa = PBXFileReference; lastKnownFileType = text.plist.entitlements; path = EsotericWidgetExtension.entitlements; sourceTree = "<group>"; };
		92689F2D2AFBE80E0035590A /* Info.plist */ = {isa = PBXFileReference; lastKnownFileType = text.plist; path = Info.plist; sourceTree = "<group>"; };
		92689F2E2AFBF5B10035590A /* HorMenuSnap.swift */ = {isa = PBXFileReference; lastKnownFileType = sourcecode.swift; path = HorMenuSnap.swift; sourceTree = "<group>"; };
		926D74FA2AFD413400F9CF88 /* TarotDB.swift */ = {isa = PBXFileReference; lastKnownFileType = sourcecode.swift; path = TarotDB.swift; sourceTree = "<group>"; };
		927A940E2AF52857007889A4 /* Esoteric.app */ = {isa = PBXFileReference; explicitFileType = wrapper.application; includeInIndex = 0; path = Esoteric.app; sourceTree = BUILT_PRODUCTS_DIR; };
		927A94112AF52857007889A4 /* EsotericApp.swift */ = {isa = PBXFileReference; lastKnownFileType = sourcecode.swift; path = EsotericApp.swift; sourceTree = "<group>"; };
		927A94132AF52857007889A4 /* TestView.swift */ = {isa = PBXFileReference; lastKnownFileType = sourcecode.swift; path = TestView.swift; sourceTree = "<group>"; };
		927A94152AF52859007889A4 /* Assets.xcassets */ = {isa = PBXFileReference; lastKnownFileType = folder.assetcatalog; path = Assets.xcassets; sourceTree = "<group>"; };
		927A94182AF52859007889A4 /* Preview Assets.xcassets */ = {isa = PBXFileReference; lastKnownFileType = folder.assetcatalog; path = "Preview Assets.xcassets"; sourceTree = "<group>"; };
		927A944A2AF52F43007889A4 /* User.swift */ = {isa = PBXFileReference; fileEncoding = 4; lastKnownFileType = sourcecode.swift; path = User.swift; sourceTree = "<group>"; };
		927A944C2AF52F43007889A4 /* Helpers.swift */ = {isa = PBXFileReference; fileEncoding = 4; lastKnownFileType = sourcecode.swift; path = Helpers.swift; sourceTree = "<group>"; };
		927A944E2AF52F43007889A4 /* ConditionsTermsView.swift */ = {isa = PBXFileReference; fileEncoding = 4; lastKnownFileType = sourcecode.swift; path = ConditionsTermsView.swift; sourceTree = "<group>"; };
		927A944F2AF52F43007889A4 /* HomeView.swift */ = {isa = PBXFileReference; fileEncoding = 4; lastKnownFileType = sourcecode.swift; path = HomeView.swift; sourceTree = "<group>"; };
		927A94502AF52F43007889A4 /* ScreenContentView.swift */ = {isa = PBXFileReference; fileEncoding = 4; lastKnownFileType = sourcecode.swift; path = ScreenContentView.swift; sourceTree = "<group>"; };
		927A94512AF52F43007889A4 /* SubscriptionView.swift */ = {isa = PBXFileReference; fileEncoding = 4; lastKnownFileType = sourcecode.swift; path = SubscriptionView.swift; sourceTree = "<group>"; };
		927A94522AF52F43007889A4 /* LaunchScreenView.swift */ = {isa = PBXFileReference; fileEncoding = 4; lastKnownFileType = sourcecode.swift; path = LaunchScreenView.swift; sourceTree = "<group>"; };
		927A94532AF52F43007889A4 /* OnboardingView.swift */ = {isa = PBXFileReference; fileEncoding = 4; lastKnownFileType = sourcecode.swift; path = OnboardingView.swift; sourceTree = "<group>"; };
		927A94552AF52F43007889A4 /* EmodjiIcon.swift */ = {isa = PBXFileReference; fileEncoding = 4; lastKnownFileType = sourcecode.swift; path = EmodjiIcon.swift; sourceTree = "<group>"; };
		927A94562AF52F43007889A4 /* UIThemeView.swift */ = {isa = PBXFileReference; fileEncoding = 4; lastKnownFileType = sourcecode.swift; path = UIThemeView.swift; sourceTree = "<group>"; };
		927A94572AF52F43007889A4 /* UIModification.swift */ = {isa = PBXFileReference; fileEncoding = 4; lastKnownFileType = sourcecode.swift; path = UIModification.swift; sourceTree = "<group>"; };
		927A94672AF53CE9007889A4 /* GoogleService-Info-Debug.plist */ = {isa = PBXFileReference; fileEncoding = 4; lastKnownFileType = text.plist.xml; path = "GoogleService-Info-Debug.plist"; sourceTree = "<group>"; };
		927A94692AF53D42007889A4 /* GoogleService-Info-Release.plist */ = {isa = PBXFileReference; fileEncoding = 4; lastKnownFileType = text.plist.xml; path = "GoogleService-Info-Release.plist"; sourceTree = "<group>"; };
		927A946D2AF540FC007889A4 /* CardsSample.swift */ = {isa = PBXFileReference; lastKnownFileType = sourcecode.swift; path = CardsSample.swift; sourceTree = "<group>"; };
		927A94722AF56236007889A4 /* GPTService.swift */ = {isa = PBXFileReference; fileEncoding = 4; lastKnownFileType = sourcecode.swift; path = GPTService.swift; sourceTree = "<group>"; };
		927A94742AF569EF007889A4 /* CardsTableView.swift */ = {isa = PBXFileReference; lastKnownFileType = sourcecode.swift; path = CardsTableView.swift; sourceTree = "<group>"; };
		927CC22C2AFEA0AB00A77B20 /* CardsLayouts.swift */ = {isa = PBXFileReference; lastKnownFileType = sourcecode.swift; path = CardsLayouts.swift; sourceTree = "<group>"; };
		929246492B18EAFB0082D089 /* FreeUsetageService.swift */ = {isa = PBXFileReference; lastKnownFileType = sourcecode.swift; path = FreeUsetageService.swift; sourceTree = "<group>"; };
		92E414D82B0A5776000393EF /* StorageService.swift */ = {isa = PBXFileReference; lastKnownFileType = sourcecode.swift; path = StorageService.swift; sourceTree = "<group>"; };
		92E414DA2B0AA9C4000393EF /* TextFieldCustomStyle.swift */ = {isa = PBXFileReference; lastKnownFileType = sourcecode.swift; path = TextFieldCustomStyle.swift; sourceTree = "<group>"; };
		92F8BB5F2B052C4200DF3ADA /* AmazingCardTest.swift */ = {isa = PBXFileReference; lastKnownFileType = sourcecode.swift; path = AmazingCardTest.swift; sourceTree = "<group>"; };
		FA27DA792AFF83DF0096D081 /* Tarologs.swift */ = {isa = PBXFileReference; lastKnownFileType = sourcecode.swift; path = Tarologs.swift; sourceTree = "<group>"; };
		FA27DA7B2AFFADC80096D081 /* TarotSpread.swift */ = {isa = PBXFileReference; lastKnownFileType = sourcecode.swift; path = TarotSpread.swift; sourceTree = "<group>"; };
		FA27DA7E2AFFC1700096D081 /* NotificationsService.swift */ = {isa = PBXFileReference; lastKnownFileType = sourcecode.swift; path = NotificationsService.swift; sourceTree = "<group>"; };
		FA3815612B0EB5FA00CB1C1F /* EsotericWidgetExtension.appex */ = {isa = PBXFileReference; explicitFileType = "wrapper.app-extension"; includeInIndex = 0; path = EsotericWidgetExtension.appex; sourceTree = BUILT_PRODUCTS_DIR; };
		FA3815622B0EB5FA00CB1C1F /* WidgetKit.framework */ = {isa = PBXFileReference; lastKnownFileType = wrapper.framework; name = WidgetKit.framework; path = System/Library/Frameworks/WidgetKit.framework; sourceTree = SDKROOT; };
		FA3815642B0EB5FA00CB1C1F /* SwiftUI.framework */ = {isa = PBXFileReference; lastKnownFileType = wrapper.framework; name = SwiftUI.framework; path = System/Library/Frameworks/SwiftUI.framework; sourceTree = SDKROOT; };
		FA3815672B0EB5FA00CB1C1F /* EsotericWidgetBundle.swift */ = {isa = PBXFileReference; lastKnownFileType = sourcecode.swift; path = EsotericWidgetBundle.swift; sourceTree = "<group>"; };
		FA3815692B0EB5FA00CB1C1F /* EsotericWidget.swift */ = {isa = PBXFileReference; lastKnownFileType = sourcecode.swift; path = EsotericWidget.swift; sourceTree = "<group>"; };
		FA38156B2B0EB5FC00CB1C1F /* Assets.xcassets */ = {isa = PBXFileReference; lastKnownFileType = folder.assetcatalog; path = Assets.xcassets; sourceTree = "<group>"; };
		FA38156D2B0EB5FC00CB1C1F /* Info.plist */ = {isa = PBXFileReference; lastKnownFileType = text.plist.xml; path = Info.plist; sourceTree = "<group>"; };
		FA3815752B0EB64800CB1C1F /* SmallWidget.swift */ = {isa = PBXFileReference; lastKnownFileType = sourcecode.swift; path = SmallWidget.swift; sourceTree = "<group>"; };
		FA4CA1802B137FF30089072D /* Localizable.xcstrings */ = {isa = PBXFileReference; lastKnownFileType = text.json.xcstrings; path = Localizable.xcstrings; sourceTree = "<group>"; };
		FA4CA1822B1382CB0089072D /* LocalizationEntry.swift */ = {isa = PBXFileReference; lastKnownFileType = sourcecode.swift; path = LocalizationEntry.swift; sourceTree = "<group>"; };
		FA7664122B0D5706008437AB /* TarotModels.swift */ = {isa = PBXFileReference; lastKnownFileType = sourcecode.swift; path = TarotModels.swift; sourceTree = "<group>"; };
		FA7664172B0D692C008437AB /* TODO.md */ = {isa = PBXFileReference; lastKnownFileType = net.daringfireball.markdown; path = TODO.md; sourceTree = "<group>"; };
/* End PBXFileReference section */

/* Begin PBXFrameworksBuildPhase section */
		927A940B2AF52857007889A4 /* Frameworks */ = {
			isa = PBXFrameworksBuildPhase;
			buildActionMask = 2147483647;
			files = (
				927A943C2AF52BA1007889A4 /* FirebaseAnalyticsSwift in Frameworks */,
				927A943E2AF52BA1007889A4 /* FirebaseAnalyticsWithoutAdIdSupport in Frameworks */,
				920955532AF7C17C00BEA64D /* FLAnimatedImage in Frameworks */,
				92FBD3D12B07F06400BD1446 /* SwiftDate in Frameworks */,
				927A94382AF52BA1007889A4 /* FirebaseAnalytics in Frameworks */,
				927A94432AF52E50007889A4 /* ReceiptParser in Frameworks */,
				927A94452AF52E50007889A4 /* RevenueCat in Frameworks */,
				927A94472AF52E50007889A4 /* RevenueCatUI in Frameworks */,
				927A943A2AF52BA1007889A4 /* FirebaseAnalyticsOnDeviceConversion in Frameworks */,
				927A94402AF52BA1007889A4 /* FirebaseAppCheck in Frameworks */,
				927A94212AF5297B007889A4 /* AlertToast in Frameworks */,
				927CC2302AFEBA2900A77B20 /* Shiny in Frameworks */,
				927A94662AF53499007889A4 /* FirebaseRemoteConfig in Frameworks */,
			);
			runOnlyForDeploymentPostprocessing = 0;
		};
		FA38155E2B0EB5FA00CB1C1F /* Frameworks */ = {
			isa = PBXFrameworksBuildPhase;
			buildActionMask = 2147483647;
			files = (
				FA3815652B0EB5FA00CB1C1F /* SwiftUI.framework in Frameworks */,
				FA3815632B0EB5FA00CB1C1F /* WidgetKit.framework in Frameworks */,
			);
			runOnlyForDeploymentPostprocessing = 0;
		};
/* End PBXFrameworksBuildPhase section */

/* Begin PBXGroup section */
		9206CF482B19F485006D637E /* Views */ = {
			isa = PBXGroup;
			children = (
				9206CF492B19F515006D637E /* WidgetBunner.swift */,
				9206CF4B2B19F598006D637E /* TarotReaderResponseBanner.swift */,
				9206CF4D2B19F644006D637E /* SubscriptionBanner.swift */,
				9206CF4F2B19F6DC006D637E /* TopLogoBanner.swift */,
			);
			path = Views;
			sourceTree = "<group>";
		};
		9206CF512B19FFBC006D637E /* Subscription */ = {
			isa = PBXGroup;
			children = (
				927A94512AF52F43007889A4 /* SubscriptionView.swift */,
				9206CF542B1A002D006D637E /* Views */,
			);
			path = Subscription;
			sourceTree = "<group>";
		};
		9206CF542B1A002D006D637E /* Views */ = {
			isa = PBXGroup;
			children = (
				9206CF522B1A0007006D637E /* AdvantagesBanner.swift */,
				9206CF552B1A006A006D637E /* SubscriptionPriceBunner.swift */,
				9206CF572B1A01B7006D637E /* SubscribeButton.swift */,
				9206CF592B1A02B8006D637E /* BillingTextNoteBanner.swift */,
				9206CF5D2B1A05BE006D637E /* TopGrandTitle.swift */,
			);
			path = Views;
			sourceTree = "<group>";
		};
		9206CF5F2B1A0A31006D637E /* TarotDeck */ = {
			isa = PBXGroup;
			children = (
				927A94742AF569EF007889A4 /* CardsTableView.swift */,
				9206CF602B1A0A4C006D637E /* Views */,
			);
			path = TarotDeck;
			sourceTree = "<group>";
		};
		9206CF602B1A0A4C006D637E /* Views */ = {
			isa = PBXGroup;
			children = (
				9206CF612B1A0A62006D637E /* FakeCardView.swift */,
			);
			path = Views;
			sourceTree = "<group>";
		};
		920955562AF7E46200BEA64D /* fonts */ = {
			isa = PBXGroup;
			children = (
				920955572AF7E46200BEA64D /* ElMessiri-Medium.ttf */,
				920955582AF7E46200BEA64D /* ElMessiri-Regular.ttf */,
				920955592AF7E46200BEA64D /* ElMessiri-Bold.ttf */,
				9209555A2AF7E46200BEA64D /* ElMessiri-SemiBold.ttf */,
			);
			path = fonts;
			sourceTree = "<group>";
		};
		927A94052AF52857007889A4 = {
			isa = PBXGroup;
			children = (
				92534FB02B13584B00395B75 /* EsotericWidgetExtension.entitlements */,
				927A94102AF52857007889A4 /* Esoteric */,
				FA3815662B0EB5FA00CB1C1F /* EsotericWidget */,
				927A940F2AF52857007889A4 /* Products */,
				927A94642AF53499007889A4 /* Frameworks */,
			);
			sourceTree = "<group>";
		};
		927A940F2AF52857007889A4 /* Products */ = {
			isa = PBXGroup;
			children = (
				927A940E2AF52857007889A4 /* Esoteric.app */,
				FA3815612B0EB5FA00CB1C1F /* EsotericWidgetExtension.appex */,
			);
			name = Products;
			sourceTree = "<group>";
		};
		927A94102AF52857007889A4 /* Esoteric */ = {
			isa = PBXGroup;
			children = (
				FA4CA17F2B137F9A0089072D /* Localisation */,
				92534FAF2B13582900395B75 /* Esoteric.entitlements */,
				92689F2D2AFBE80E0035590A /* Info.plist */,
				FA7664172B0D692C008437AB /* TODO.md */,
				927A946C2AF53DE1007889A4 /* Other */,
				FA7664142B0D6896008437AB /* Services */,
				927A94542AF52F43007889A4 /* Views */,
				927A944D2AF52F43007889A4 /* Screens */,
				927A946B2AF53DCB007889A4 /* Data */,
				927A94112AF52857007889A4 /* EsotericApp.swift */,
				927A94692AF53D42007889A4 /* GoogleService-Info-Release.plist */,
				927A94672AF53CE9007889A4 /* GoogleService-Info-Debug.plist */,
				927A94152AF52859007889A4 /* Assets.xcassets */,
				927A94172AF52859007889A4 /* Preview Content */,
			);
			path = Esoteric;
			sourceTree = "<group>";
		};
		927A94172AF52859007889A4 /* Preview Content */ = {
			isa = PBXGroup;
			children = (
				927A94182AF52859007889A4 /* Preview Assets.xcassets */,
			);
			path = "Preview Content";
			sourceTree = "<group>";
		};
		927A944D2AF52F43007889A4 /* Screens */ = {
			isa = PBXGroup;
			children = (
				9206CF5F2B1A0A31006D637E /* TarotDeck */,
				9206CF512B19FFBC006D637E /* Subscription */,
				92F8BB5E2B052C3000DF3ADA /* Home */,
				FA27DA7D2AFFADD40096D081 /* Tarologs */,
				927A94522AF52F43007889A4 /* LaunchScreenView.swift */,
				927A94532AF52F43007889A4 /* OnboardingView.swift */,
			);
			path = Screens;
			sourceTree = "<group>";
		};
		927A94542AF52F43007889A4 /* Views */ = {
			isa = PBXGroup;
			children = (
				927A94552AF52F43007889A4 /* EmodjiIcon.swift */,
				927A94562AF52F43007889A4 /* UIThemeView.swift */,
				927A94572AF52F43007889A4 /* UIModification.swift */,
				920955542AF7C31900BEA64D /* BackGroundView.swift */,
				92689F2E2AFBF5B10035590A /* HorMenuSnap.swift */,
				927CC22C2AFEA0AB00A77B20 /* CardsLayouts.swift */,
				922B0CFE2B0D26E200FF7241 /* ChooseYourCardArtView.swift */,
				927A944E2AF52F43007889A4 /* ConditionsTermsView.swift */,
				9206CF5B2B1A046A006D637E /* ResizebleImage.swift */,
			);
			path = Views;
			sourceTree = "<group>";
		};
		927A94642AF53499007889A4 /* Frameworks */ = {
			isa = PBXGroup;
			children = (
				FA3815622B0EB5FA00CB1C1F /* WidgetKit.framework */,
				FA3815642B0EB5FA00CB1C1F /* SwiftUI.framework */,
			);
			name = Frameworks;
			sourceTree = "<group>";
		};
		927A946B2AF53DCB007889A4 /* Data */ = {
			isa = PBXGroup;
			children = (
				927A944A2AF52F43007889A4 /* User.swift */,
				926D74FA2AFD413400F9CF88 /* TarotDB.swift */,
				FA7664122B0D5706008437AB /* TarotModels.swift */,
			);
			path = Data;
			sourceTree = "<group>";
		};
		927A946C2AF53DE1007889A4 /* Other */ = {
			isa = PBXGroup;
			children = (
				920955562AF7E46200BEA64D /* fonts */,
				927A94132AF52857007889A4 /* TestView.swift */,
				92F8BB5F2B052C4200DF3ADA /* AmazingCardTest.swift */,
				927A944C2AF52F43007889A4 /* Helpers.swift */,
				927A94502AF52F43007889A4 /* ScreenContentView.swift */,
				927A946D2AF540FC007889A4 /* CardsSample.swift */,
				92E414DA2B0AA9C4000393EF /* TextFieldCustomStyle.swift */,
				922B0D002B0D457500FF7241 /* StupidHeightHelper.swift */,
				922B0D6D2B0E55B500FF7241 /* LoadingIndicator.swift */,
				92534FA72B132F2100395B75 /* Haptic.swift */,
			);
			path = Other;
			sourceTree = "<group>";
		};
		92F8BB5E2B052C3000DF3ADA /* Home */ = {
			isa = PBXGroup;
			children = (
				927A944F2AF52F43007889A4 /* HomeView.swift */,
				9206CF482B19F485006D637E /* Views */,
			);
			path = Home;
			sourceTree = "<group>";
		};
		FA27DA7D2AFFADD40096D081 /* Tarologs */ = {
			isa = PBXGroup;
			children = (
				FA27DA792AFF83DF0096D081 /* Tarologs.swift */,
				FA27DA7B2AFFADC80096D081 /* TarotSpread.swift */,
			);
			path = Tarologs;
			sourceTree = "<group>";
		};
		FA3815662B0EB5FA00CB1C1F /* EsotericWidget */ = {
			isa = PBXGroup;
			children = (
				FA3815752B0EB64800CB1C1F /* SmallWidget.swift */,
				FA3815672B0EB5FA00CB1C1F /* EsotericWidgetBundle.swift */,
				FA3815692B0EB5FA00CB1C1F /* EsotericWidget.swift */,
				FA38156B2B0EB5FC00CB1C1F /* Assets.xcassets */,
				FA38156D2B0EB5FC00CB1C1F /* Info.plist */,
			);
			path = EsotericWidget;
			sourceTree = "<group>";
		};
		FA4CA17F2B137F9A0089072D /* Localisation */ = {
			isa = PBXGroup;
			children = (
				FA4CA1802B137FF30089072D /* Localizable.xcstrings */,
				FA4CA1822B1382CB0089072D /* LocalizationEntry.swift */,
			);
			path = Localisation;
			sourceTree = "<group>";
		};
		FA7664142B0D6896008437AB /* Services */ = {
			isa = PBXGroup;
			children = (
				92534FAD2B1355EE00395B75 /* DayConterService.swift */,
				927A94722AF56236007889A4 /* GPTService.swift */,
				92E414D82B0A5776000393EF /* StorageService.swift */,
				FA27DA7E2AFFC1700096D081 /* NotificationsService.swift */,
				929246492B18EAFB0082D089 /* FreeUsetageService.swift */,
			);
			path = Services;
			sourceTree = "<group>";
		};
/* End PBXGroup section */

/* Begin PBXNativeTarget section */
		927A940D2AF52857007889A4 /* Esoteric */ = {
			isa = PBXNativeTarget;
			buildConfigurationList = 927A941C2AF52859007889A4 /* Build configuration list for PBXNativeTarget "Esoteric" */;
			buildPhases = (
				927A940A2AF52857007889A4 /* Sources */,
				927A940B2AF52857007889A4 /* Frameworks */,
				927A940C2AF52857007889A4 /* Resources */,
				FA3815712B0EB5FC00CB1C1F /* Embed Foundation Extensions */,
			);
			buildRules = (
			);
			dependencies = (
				FA38156F2B0EB5FC00CB1C1F /* PBXTargetDependency */,
			);
			name = Esoteric;
			packageProductDependencies = (
				927A94202AF5297B007889A4 /* AlertToast */,
				927A94372AF52BA1007889A4 /* FirebaseAnalytics */,
				927A94392AF52BA1007889A4 /* FirebaseAnalyticsOnDeviceConversion */,
				927A943B2AF52BA1007889A4 /* FirebaseAnalyticsSwift */,
				927A943D2AF52BA1007889A4 /* FirebaseAnalyticsWithoutAdIdSupport */,
				927A943F2AF52BA1007889A4 /* FirebaseAppCheck */,
				927A94422AF52E50007889A4 /* ReceiptParser */,
				927A94442AF52E50007889A4 /* RevenueCat */,
				927A94462AF52E50007889A4 /* RevenueCatUI */,
				927A94652AF53499007889A4 /* FirebaseRemoteConfig */,
				920955522AF7C17C00BEA64D /* FLAnimatedImage */,
				927CC22F2AFEBA2900A77B20 /* Shiny */,
				92FBD3D02B07F06400BD1446 /* SwiftDate */,
			);
			productName = Esoteric;
			productReference = 927A940E2AF52857007889A4 /* Esoteric.app */;
			productType = "com.apple.product-type.application";
		};
		FA3815602B0EB5FA00CB1C1F /* EsotericWidgetExtension */ = {
			isa = PBXNativeTarget;
			buildConfigurationList = FA3815742B0EB5FC00CB1C1F /* Build configuration list for PBXNativeTarget "EsotericWidgetExtension" */;
			buildPhases = (
				FA38155D2B0EB5FA00CB1C1F /* Sources */,
				FA38155E2B0EB5FA00CB1C1F /* Frameworks */,
				FA38155F2B0EB5FA00CB1C1F /* Resources */,
			);
			buildRules = (
			);
			dependencies = (
			);
			name = EsotericWidgetExtension;
			productName = EsotericWidgetExtension;
			productReference = FA3815612B0EB5FA00CB1C1F /* EsotericWidgetExtension.appex */;
			productType = "com.apple.product-type.app-extension";
		};
/* End PBXNativeTarget section */

/* Begin PBXProject section */
		927A94062AF52857007889A4 /* Project object */ = {
			isa = PBXProject;
			attributes = {
				BuildIndependentTargetsInParallel = 1;
				LastSwiftUpdateCheck = 1500;
				LastUpgradeCheck = 1500;
				TargetAttributes = {
					927A940D2AF52857007889A4 = {
						CreatedOnToolsVersion = 15.0.1;
					};
					FA3815602B0EB5FA00CB1C1F = {
						CreatedOnToolsVersion = 15.0.1;
					};
				};
			};
			buildConfigurationList = 927A94092AF52857007889A4 /* Build configuration list for PBXProject "Esoteric" */;
			compatibilityVersion = "Xcode 14.0";
			developmentRegion = en;
			hasScannedForEncodings = 0;
			knownRegions = (
				en,
				Base,
				ru,
			);
			mainGroup = 927A94052AF52857007889A4;
			packageReferences = (
				927A941F2AF5297B007889A4 /* XCRemoteSwiftPackageReference "AlertToast" */,
				927A94362AF52BA1007889A4 /* XCRemoteSwiftPackageReference "firebase-ios-sdk" */,
				927A94412AF52E50007889A4 /* XCRemoteSwiftPackageReference "purchases-ios" */,
				920955512AF7C17C00BEA64D /* XCRemoteSwiftPackageReference "FLAnimatedImage" */,
				927CC22E2AFEBA2900A77B20 /* XCRemoteSwiftPackageReference "shiny" */,
				92FBD3CF2B07F06400BD1446 /* XCRemoteSwiftPackageReference "SwiftDate" */,
			);
			productRefGroup = 927A940F2AF52857007889A4 /* Products */;
			projectDirPath = "";
			projectRoot = "";
			targets = (
				927A940D2AF52857007889A4 /* Esoteric */,
				FA3815602B0EB5FA00CB1C1F /* EsotericWidgetExtension */,
			);
		};
/* End PBXProject section */

/* Begin PBXResourcesBuildPhase section */
		927A940C2AF52857007889A4 /* Resources */ = {
			isa = PBXResourcesBuildPhase;
			buildActionMask = 2147483647;
			files = (
				927A94192AF52859007889A4 /* Preview Assets.xcassets in Resources */,
				927A94162AF52859007889A4 /* Assets.xcassets in Resources */,
				9209555D2AF7E46200BEA64D /* ElMessiri-Bold.ttf in Resources */,
				9209555E2AF7E46200BEA64D /* ElMessiri-SemiBold.ttf in Resources */,
				927A946A2AF53D42007889A4 /* GoogleService-Info-Release.plist in Resources */,
				927A94682AF53CE9007889A4 /* GoogleService-Info-Debug.plist in Resources */,
				9209555B2AF7E46200BEA64D /* ElMessiri-Medium.ttf in Resources */,
				9209555C2AF7E46200BEA64D /* ElMessiri-Regular.ttf in Resources */,
				FA4CA1812B137FF30089072D /* Localizable.xcstrings in Resources */,
			);
			runOnlyForDeploymentPostprocessing = 0;
		};
		FA38155F2B0EB5FA00CB1C1F /* Resources */ = {
			isa = PBXResourcesBuildPhase;
			buildActionMask = 2147483647;
			files = (
				92534FAA2B133F2C00395B75 /* ElMessiri-Medium.ttf in Resources */,
				92534FAB2B133F2C00395B75 /* ElMessiri-Regular.ttf in Resources */,
				FA38156C2B0EB5FC00CB1C1F /* Assets.xcassets in Resources */,
				92534FA92B133F2C00395B75 /* ElMessiri-SemiBold.ttf in Resources */,
				92534FAC2B133F2C00395B75 /* ElMessiri-Bold.ttf in Resources */,
			);
			runOnlyForDeploymentPostprocessing = 0;
		};
/* End PBXResourcesBuildPhase section */

/* Begin PBXSourcesBuildPhase section */
		927A940A2AF52857007889A4 /* Sources */ = {
			isa = PBXSourcesBuildPhase;
			buildActionMask = 2147483647;
			files = (
				927A94612AF52F43007889A4 /* EmodjiIcon.swift in Sources */,
				927A94632AF52F43007889A4 /* UIModification.swift in Sources */,
				FA7664132B0D5706008437AB /* TarotModels.swift in Sources */,
				927A94732AF56236007889A4 /* GPTService.swift in Sources */,
				9206CF622B1A0A62006D637E /* FakeCardView.swift in Sources */,
				927CC22D2AFEA0AB00A77B20 /* CardsLayouts.swift in Sources */,
				FA27DA7A2AFF83DF0096D081 /* Tarologs.swift in Sources */,
				927A945D2AF52F43007889A4 /* ScreenContentView.swift in Sources */,
				9206CF5E2B1A05BE006D637E /* TopGrandTitle.swift in Sources */,
				922B0D012B0D457500FF7241 /* StupidHeightHelper.swift in Sources */,
				92F8BB602B052C4200DF3ADA /* AmazingCardTest.swift in Sources */,
				927A946E2AF540FC007889A4 /* CardsSample.swift in Sources */,
				9206CF562B1A006A006D637E /* SubscriptionPriceBunner.swift in Sources */,
				927A94142AF52857007889A4 /* TestView.swift in Sources */,
				9206CF5A2B1A02B8006D637E /* BillingTextNoteBanner.swift in Sources */,
				92E414DB2B0AA9C4000393EF /* TextFieldCustomStyle.swift in Sources */,
				9206CF4E2B19F644006D637E /* SubscriptionBanner.swift in Sources */,
				9206CF532B1A0007006D637E /* AdvantagesBanner.swift in Sources */,
				922B0D6E2B0E55B500FF7241 /* LoadingIndicator.swift in Sources */,
				9206CF4A2B19F515006D637E /* WidgetBunner.swift in Sources */,
				9206CF582B1A01B7006D637E /* SubscribeButton.swift in Sources */,
				927A945E2AF52F43007889A4 /* SubscriptionView.swift in Sources */,
				9206CF5C2B1A046A006D637E /* ResizebleImage.swift in Sources */,
				926D74FB2AFD413400F9CF88 /* TarotDB.swift in Sources */,
				9206CF4C2B19F598006D637E /* TarotReaderResponseBanner.swift in Sources */,
				927A945C2AF52F43007889A4 /* HomeView.swift in Sources */,
				92534FAE2B1355EE00395B75 /* DayConterService.swift in Sources */,
				920955552AF7C31900BEA64D /* BackGroundView.swift in Sources */,
				FA27DA7F2AFFC1700096D081 /* NotificationsService.swift in Sources */,
				927A94122AF52857007889A4 /* EsotericApp.swift in Sources */,
				FA27DA7C2AFFADC80096D081 /* TarotSpread.swift in Sources */,
				92E414D92B0A5776000393EF /* StorageService.swift in Sources */,
				927A945F2AF52F43007889A4 /* LaunchScreenView.swift in Sources */,
				927A945B2AF52F43007889A4 /* ConditionsTermsView.swift in Sources */,
				927A945A2AF52F43007889A4 /* Helpers.swift in Sources */,
				922B0CFF2B0D26E200FF7241 /* ChooseYourCardArtView.swift in Sources */,
				92534FA82B132F2100395B75 /* Haptic.swift in Sources */,
				927A94582AF52F43007889A4 /* User.swift in Sources */,
				FA4CA1832B1382CB0089072D /* LocalizationEntry.swift in Sources */,
				9206CF502B19F6DC006D637E /* TopLogoBanner.swift in Sources */,
				92689F2F2AFBF5B10035590A /* HorMenuSnap.swift in Sources */,
				927A94622AF52F43007889A4 /* UIThemeView.swift in Sources */,
				9292464A2B18EAFB0082D089 /* FreeUsetageService.swift in Sources */,
				927A94602AF52F43007889A4 /* OnboardingView.swift in Sources */,
				927A94752AF569EF007889A4 /* CardsTableView.swift in Sources */,
			);
			runOnlyForDeploymentPostprocessing = 0;
		};
		FA38155D2B0EB5FA00CB1C1F /* Sources */ = {
			isa = PBXSourcesBuildPhase;
			buildActionMask = 2147483647;
			files = (
				9206CF462B19C8ED006D637E /* DayConterService.swift in Sources */,
				FA3815682B0EB5FA00CB1C1F /* EsotericWidgetBundle.swift in Sources */,
				FA38156A2B0EB5FA00CB1C1F /* EsotericWidget.swift in Sources */,
				FA3815772B0EB64800CB1C1F /* SmallWidget.swift in Sources */,
				FAA0D06C2B1678F300188609 /* LocalizationEntry.swift in Sources */,
			);
			runOnlyForDeploymentPostprocessing = 0;
		};
/* End PBXSourcesBuildPhase section */

/* Begin PBXTargetDependency section */
		FA38156F2B0EB5FC00CB1C1F /* PBXTargetDependency */ = {
			isa = PBXTargetDependency;
			target = FA3815602B0EB5FA00CB1C1F /* EsotericWidgetExtension */;
			targetProxy = FA38156E2B0EB5FC00CB1C1F /* PBXContainerItemProxy */;
		};
/* End PBXTargetDependency section */

/* Begin XCBuildConfiguration section */
		927A941A2AF52859007889A4 /* Debug */ = {
			isa = XCBuildConfiguration;
			buildSettings = {
				ALWAYS_SEARCH_USER_PATHS = NO;
				ASSETCATALOG_COMPILER_GENERATE_SWIFT_ASSET_SYMBOL_EXTENSIONS = YES;
				CLANG_ANALYZER_NONNULL = YES;
				CLANG_ANALYZER_NUMBER_OBJECT_CONVERSION = YES_AGGRESSIVE;
				CLANG_CXX_LANGUAGE_STANDARD = "gnu++20";
				CLANG_ENABLE_MODULES = YES;
				CLANG_ENABLE_OBJC_ARC = YES;
				CLANG_ENABLE_OBJC_WEAK = YES;
				CLANG_WARN_BLOCK_CAPTURE_AUTORELEASING = YES;
				CLANG_WARN_BOOL_CONVERSION = YES;
				CLANG_WARN_COMMA = YES;
				CLANG_WARN_CONSTANT_CONVERSION = YES;
				CLANG_WARN_DEPRECATED_OBJC_IMPLEMENTATIONS = YES;
				CLANG_WARN_DIRECT_OBJC_ISA_USAGE = YES_ERROR;
				CLANG_WARN_DOCUMENTATION_COMMENTS = YES;
				CLANG_WARN_EMPTY_BODY = YES;
				CLANG_WARN_ENUM_CONVERSION = YES;
				CLANG_WARN_INFINITE_RECURSION = YES;
				CLANG_WARN_INT_CONVERSION = YES;
				CLANG_WARN_NON_LITERAL_NULL_CONVERSION = YES;
				CLANG_WARN_OBJC_IMPLICIT_RETAIN_SELF = YES;
				CLANG_WARN_OBJC_LITERAL_CONVERSION = YES;
				CLANG_WARN_OBJC_ROOT_CLASS = YES_ERROR;
				CLANG_WARN_QUOTED_INCLUDE_IN_FRAMEWORK_HEADER = YES;
				CLANG_WARN_RANGE_LOOP_ANALYSIS = YES;
				CLANG_WARN_STRICT_PROTOTYPES = YES;
				CLANG_WARN_SUSPICIOUS_MOVE = YES;
				CLANG_WARN_UNGUARDED_AVAILABILITY = YES_AGGRESSIVE;
				CLANG_WARN_UNREACHABLE_CODE = YES;
				CLANG_WARN__DUPLICATE_METHOD_MATCH = YES;
				COPY_PHASE_STRIP = NO;
				DEBUG_INFORMATION_FORMAT = dwarf;
				ENABLE_STRICT_OBJC_MSGSEND = YES;
				ENABLE_TESTABILITY = YES;
				ENABLE_USER_SCRIPT_SANDBOXING = YES;
				GCC_C_LANGUAGE_STANDARD = gnu17;
				GCC_DYNAMIC_NO_PIC = NO;
				GCC_NO_COMMON_BLOCKS = YES;
				GCC_OPTIMIZATION_LEVEL = 0;
				GCC_PREPROCESSOR_DEFINITIONS = (
					"DEBUG=1",
					"$(inherited)",
				);
				GCC_WARN_64_TO_32_BIT_CONVERSION = YES;
				GCC_WARN_ABOUT_RETURN_TYPE = YES_ERROR;
				GCC_WARN_UNDECLARED_SELECTOR = YES;
				GCC_WARN_UNINITIALIZED_AUTOS = YES_AGGRESSIVE;
				GCC_WARN_UNUSED_FUNCTION = YES;
				GCC_WARN_UNUSED_VARIABLE = YES;
				IPHONEOS_DEPLOYMENT_TARGET = 17.0;
				LOCALIZATION_PREFERS_STRING_CATALOGS = YES;
				MTL_ENABLE_DEBUG_INFO = INCLUDE_SOURCE;
				MTL_FAST_MATH = YES;
				ONLY_ACTIVE_ARCH = YES;
				SDKROOT = iphoneos;
				SWIFT_ACTIVE_COMPILATION_CONDITIONS = "DEBUG $(inherited)";
				SWIFT_OPTIMIZATION_LEVEL = "-Onone";
			};
			name = Debug;
		};
		927A941B2AF52859007889A4 /* Release */ = {
			isa = XCBuildConfiguration;
			buildSettings = {
				ALWAYS_SEARCH_USER_PATHS = NO;
				ASSETCATALOG_COMPILER_GENERATE_SWIFT_ASSET_SYMBOL_EXTENSIONS = YES;
				CLANG_ANALYZER_NONNULL = YES;
				CLANG_ANALYZER_NUMBER_OBJECT_CONVERSION = YES_AGGRESSIVE;
				CLANG_CXX_LANGUAGE_STANDARD = "gnu++20";
				CLANG_ENABLE_MODULES = YES;
				CLANG_ENABLE_OBJC_ARC = YES;
				CLANG_ENABLE_OBJC_WEAK = YES;
				CLANG_WARN_BLOCK_CAPTURE_AUTORELEASING = YES;
				CLANG_WARN_BOOL_CONVERSION = YES;
				CLANG_WARN_COMMA = YES;
				CLANG_WARN_CONSTANT_CONVERSION = YES;
				CLANG_WARN_DEPRECATED_OBJC_IMPLEMENTATIONS = YES;
				CLANG_WARN_DIRECT_OBJC_ISA_USAGE = YES_ERROR;
				CLANG_WARN_DOCUMENTATION_COMMENTS = YES;
				CLANG_WARN_EMPTY_BODY = YES;
				CLANG_WARN_ENUM_CONVERSION = YES;
				CLANG_WARN_INFINITE_RECURSION = YES;
				CLANG_WARN_INT_CONVERSION = YES;
				CLANG_WARN_NON_LITERAL_NULL_CONVERSION = YES;
				CLANG_WARN_OBJC_IMPLICIT_RETAIN_SELF = YES;
				CLANG_WARN_OBJC_LITERAL_CONVERSION = YES;
				CLANG_WARN_OBJC_ROOT_CLASS = YES_ERROR;
				CLANG_WARN_QUOTED_INCLUDE_IN_FRAMEWORK_HEADER = YES;
				CLANG_WARN_RANGE_LOOP_ANALYSIS = YES;
				CLANG_WARN_STRICT_PROTOTYPES = YES;
				CLANG_WARN_SUSPICIOUS_MOVE = YES;
				CLANG_WARN_UNGUARDED_AVAILABILITY = YES_AGGRESSIVE;
				CLANG_WARN_UNREACHABLE_CODE = YES;
				CLANG_WARN__DUPLICATE_METHOD_MATCH = YES;
				COPY_PHASE_STRIP = NO;
				DEBUG_INFORMATION_FORMAT = "dwarf-with-dsym";
				ENABLE_NS_ASSERTIONS = NO;
				ENABLE_STRICT_OBJC_MSGSEND = YES;
				ENABLE_USER_SCRIPT_SANDBOXING = YES;
				GCC_C_LANGUAGE_STANDARD = gnu17;
				GCC_NO_COMMON_BLOCKS = YES;
				GCC_WARN_64_TO_32_BIT_CONVERSION = YES;
				GCC_WARN_ABOUT_RETURN_TYPE = YES_ERROR;
				GCC_WARN_UNDECLARED_SELECTOR = YES;
				GCC_WARN_UNINITIALIZED_AUTOS = YES_AGGRESSIVE;
				GCC_WARN_UNUSED_FUNCTION = YES;
				GCC_WARN_UNUSED_VARIABLE = YES;
				IPHONEOS_DEPLOYMENT_TARGET = 17.0;
				LOCALIZATION_PREFERS_STRING_CATALOGS = YES;
				MTL_ENABLE_DEBUG_INFO = NO;
				MTL_FAST_MATH = YES;
				SDKROOT = iphoneos;
				SWIFT_COMPILATION_MODE = wholemodule;
				VALIDATE_PRODUCT = YES;
			};
			name = Release;
		};
		927A941D2AF52859007889A4 /* Debug */ = {
			isa = XCBuildConfiguration;
			buildSettings = {
				ALWAYS_EMBED_SWIFT_STANDARD_LIBRARIES = YES;
				ASSETCATALOG_COMPILER_APPICON_NAME = AppIcon;
				ASSETCATALOG_COMPILER_GLOBAL_ACCENT_COLOR_NAME = AccentColor;
				CODE_SIGN_ENTITLEMENTS = Esoteric/Esoteric.entitlements;
				CODE_SIGN_STYLE = Automatic;
				CURRENT_PROJECT_VERSION = 2;
				DEVELOPMENT_ASSET_PATHS = "\"Esoteric/Preview Content\"";
				DEVELOPMENT_TEAM = 87XM268947;
				ENABLE_PREVIEWS = YES;
				GENERATE_INFOPLIST_FILE = YES;
				INFOPLIST_FILE = Esoteric/Info.plist;
				INFOPLIST_KEY_CFBundleDisplayName = Tarot;
				INFOPLIST_KEY_LSApplicationCategoryType = "public.app-category.lifestyle";
				INFOPLIST_KEY_UIApplicationSceneManifest_Generation = YES;
				INFOPLIST_KEY_UIApplicationSupportsIndirectInputEvents = YES;
				INFOPLIST_KEY_UILaunchScreen_Generation = YES;
				INFOPLIST_KEY_UISupportedInterfaceOrientations = UIInterfaceOrientationPortrait;
				IPHONEOS_DEPLOYMENT_TARGET = 16.4;
				LD_RUNPATH_SEARCH_PATHS = (
					"$(inherited)",
					"@executable_path/Frameworks",
				);
				MARKETING_VERSION = 1.0;
				PRODUCT_BUNDLE_IDENTIFIER = live.Esoteric.Taro;
				PRODUCT_NAME = "$(TARGET_NAME)";
				SWIFT_EMIT_LOC_STRINGS = YES;
				SWIFT_VERSION = 5.0;
				TARGETED_DEVICE_FAMILY = "1,2";
			};
			name = Debug;
		};
		927A941E2AF52859007889A4 /* Release */ = {
			isa = XCBuildConfiguration;
			buildSettings = {
				ALWAYS_EMBED_SWIFT_STANDARD_LIBRARIES = YES;
				ASSETCATALOG_COMPILER_APPICON_NAME = AppIcon;
				ASSETCATALOG_COMPILER_GLOBAL_ACCENT_COLOR_NAME = AccentColor;
				CODE_SIGN_ENTITLEMENTS = Esoteric/Esoteric.entitlements;
				CODE_SIGN_STYLE = Automatic;
				CURRENT_PROJECT_VERSION = 2;
				DEVELOPMENT_ASSET_PATHS = "\"Esoteric/Preview Content\"";
				DEVELOPMENT_TEAM = 87XM268947;
				ENABLE_PREVIEWS = YES;
				GENERATE_INFOPLIST_FILE = YES;
				INFOPLIST_FILE = Esoteric/Info.plist;
				INFOPLIST_KEY_CFBundleDisplayName = Tarot;
				INFOPLIST_KEY_LSApplicationCategoryType = "public.app-category.lifestyle";
				INFOPLIST_KEY_UIApplicationSceneManifest_Generation = YES;
				INFOPLIST_KEY_UIApplicationSupportsIndirectInputEvents = YES;
				INFOPLIST_KEY_UILaunchScreen_Generation = YES;
				INFOPLIST_KEY_UISupportedInterfaceOrientations = UIInterfaceOrientationPortrait;
				IPHONEOS_DEPLOYMENT_TARGET = 16.4;
				LD_RUNPATH_SEARCH_PATHS = (
					"$(inherited)",
					"@executable_path/Frameworks",
				);
				MARKETING_VERSION = 1.0;
				PRODUCT_BUNDLE_IDENTIFIER = live.Esoteric.Taro;
				PRODUCT_NAME = "$(TARGET_NAME)";
				SWIFT_EMIT_LOC_STRINGS = YES;
				SWIFT_VERSION = 5.0;
				TARGETED_DEVICE_FAMILY = "1,2";
			};
			name = Release;
		};
		FA3815722B0EB5FC00CB1C1F /* Debug */ = {
			isa = XCBuildConfiguration;
			buildSettings = {
				ASSETCATALOG_COMPILER_GLOBAL_ACCENT_COLOR_NAME = AccentColor;
				ASSETCATALOG_COMPILER_WIDGET_BACKGROUND_COLOR_NAME = WidgetBackground;
				CODE_SIGN_ENTITLEMENTS = EsotericWidgetExtension.entitlements;
				CODE_SIGN_STYLE = Automatic;
				CURRENT_PROJECT_VERSION = 1;
				DEVELOPMENT_TEAM = 87XM268947;
				GENERATE_INFOPLIST_FILE = YES;
				INFOPLIST_FILE = EsotericWidget/Info.plist;
				INFOPLIST_KEY_CFBundleDisplayName = EsotericWidget;
				INFOPLIST_KEY_NSHumanReadableCopyright = "";
				IPHONEOS_DEPLOYMENT_TARGET = 16.4;
				LD_RUNPATH_SEARCH_PATHS = (
					"$(inherited)",
					"@executable_path/Frameworks",
					"@executable_path/../../Frameworks",
				);
				MARKETING_VERSION = 1.0;
				PRODUCT_BUNDLE_IDENTIFIER = live.Esoteric.Taro.EsotericWidget;
				PRODUCT_NAME = "$(TARGET_NAME)";
				SKIP_INSTALL = YES;
				SWIFT_EMIT_LOC_STRINGS = YES;
				SWIFT_VERSION = 5.0;
				TARGETED_DEVICE_FAMILY = "1,2";
			};
			name = Debug;
		};
		FA3815732B0EB5FC00CB1C1F /* Release */ = {
			isa = XCBuildConfiguration;
			buildSettings = {
				ASSETCATALOG_COMPILER_GLOBAL_ACCENT_COLOR_NAME = AccentColor;
				ASSETCATALOG_COMPILER_WIDGET_BACKGROUND_COLOR_NAME = WidgetBackground;
				CODE_SIGN_ENTITLEMENTS = EsotericWidgetExtension.entitlements;
				CODE_SIGN_STYLE = Automatic;
				CURRENT_PROJECT_VERSION = 1;
				DEVELOPMENT_TEAM = 87XM268947;
				GENERATE_INFOPLIST_FILE = YES;
				INFOPLIST_FILE = EsotericWidget/Info.plist;
				INFOPLIST_KEY_CFBundleDisplayName = EsotericWidget;
				INFOPLIST_KEY_NSHumanReadableCopyright = "";
				IPHONEOS_DEPLOYMENT_TARGET = 16.4;
				LD_RUNPATH_SEARCH_PATHS = (
					"$(inherited)",
					"@executable_path/Frameworks",
					"@executable_path/../../Frameworks",
				);
				MARKETING_VERSION = 1.0;
				PRODUCT_BUNDLE_IDENTIFIER = live.Esoteric.Taro.EsotericWidget;
				PRODUCT_NAME = "$(TARGET_NAME)";
				SKIP_INSTALL = YES;
				SWIFT_EMIT_LOC_STRINGS = YES;
				SWIFT_VERSION = 5.0;
				TARGETED_DEVICE_FAMILY = "1,2";
			};
			name = Release;
		};
/* End XCBuildConfiguration section */

/* Begin XCConfigurationList section */
		927A94092AF52857007889A4 /* Build configuration list for PBXProject "Esoteric" */ = {
			isa = XCConfigurationList;
			buildConfigurations = (
				927A941A2AF52859007889A4 /* Debug */,
				927A941B2AF52859007889A4 /* Release */,
			);
			defaultConfigurationIsVisible = 0;
			defaultConfigurationName = Release;
		};
		927A941C2AF52859007889A4 /* Build configuration list for PBXNativeTarget "Esoteric" */ = {
			isa = XCConfigurationList;
			buildConfigurations = (
				927A941D2AF52859007889A4 /* Debug */,
				927A941E2AF52859007889A4 /* Release */,
			);
			defaultConfigurationIsVisible = 0;
			defaultConfigurationName = Release;
		};
		FA3815742B0EB5FC00CB1C1F /* Build configuration list for PBXNativeTarget "EsotericWidgetExtension" */ = {
			isa = XCConfigurationList;
			buildConfigurations = (
				FA3815722B0EB5FC00CB1C1F /* Debug */,
				FA3815732B0EB5FC00CB1C1F /* Release */,
			);
			defaultConfigurationIsVisible = 0;
			defaultConfigurationName = Release;
		};
/* End XCConfigurationList section */

/* Begin XCRemoteSwiftPackageReference section */
		920955512AF7C17C00BEA64D /* XCRemoteSwiftPackageReference "FLAnimatedImage" */ = {
			isa = XCRemoteSwiftPackageReference;
			repositoryURL = "https://github.com/Flipboard/FLAnimatedImage.git";
			requirement = {
				kind = upToNextMajorVersion;
				minimumVersion = 1.0.17;
			};
		};
		927A941F2AF5297B007889A4 /* XCRemoteSwiftPackageReference "AlertToast" */ = {
			isa = XCRemoteSwiftPackageReference;
			repositoryURL = "https://github.com/elai950/AlertToast.git";
			requirement = {
				kind = upToNextMajorVersion;
				minimumVersion = 1.3.9;
			};
		};
		927A94362AF52BA1007889A4 /* XCRemoteSwiftPackageReference "firebase-ios-sdk" */ = {
			isa = XCRemoteSwiftPackageReference;
			repositoryURL = "https://github.com/firebase/firebase-ios-sdk.git";
			requirement = {
				kind = upToNextMajorVersion;
				minimumVersion = 10.17.0;
			};
		};
		927A94412AF52E50007889A4 /* XCRemoteSwiftPackageReference "purchases-ios" */ = {
			isa = XCRemoteSwiftPackageReference;
			repositoryURL = "https://github.com/RevenueCat/purchases-ios.git";
			requirement = {
				kind = upToNextMajorVersion;
				minimumVersion = 4.30.2;
			};
		};
		927CC22E2AFEBA2900A77B20 /* XCRemoteSwiftPackageReference "shiny" */ = {
			isa = XCRemoteSwiftPackageReference;
			repositoryURL = "https://github.com/maustinstar/shiny.git";
			requirement = {
				branch = master;
				kind = branch;
			};
		};
		92FBD3CF2B07F06400BD1446 /* XCRemoteSwiftPackageReference "SwiftDate" */ = {
			isa = XCRemoteSwiftPackageReference;
			repositoryURL = "https://github.com/malcommac/SwiftDate";
			requirement = {
				kind = upToNextMajorVersion;
				minimumVersion = 7.0.0;
			};
		};
/* End XCRemoteSwiftPackageReference section */

/* Begin XCSwiftPackageProductDependency section */
		920955522AF7C17C00BEA64D /* FLAnimatedImage */ = {
			isa = XCSwiftPackageProductDependency;
			package = 920955512AF7C17C00BEA64D /* XCRemoteSwiftPackageReference "FLAnimatedImage" */;
			productName = FLAnimatedImage;
		};
		927A94202AF5297B007889A4 /* AlertToast */ = {
			isa = XCSwiftPackageProductDependency;
			package = 927A941F2AF5297B007889A4 /* XCRemoteSwiftPackageReference "AlertToast" */;
			productName = AlertToast;
		};
		927A94372AF52BA1007889A4 /* FirebaseAnalytics */ = {
			isa = XCSwiftPackageProductDependency;
			package = 927A94362AF52BA1007889A4 /* XCRemoteSwiftPackageReference "firebase-ios-sdk" */;
			productName = FirebaseAnalytics;
		};
		927A94392AF52BA1007889A4 /* FirebaseAnalyticsOnDeviceConversion */ = {
			isa = XCSwiftPackageProductDependency;
			package = 927A94362AF52BA1007889A4 /* XCRemoteSwiftPackageReference "firebase-ios-sdk" */;
			productName = FirebaseAnalyticsOnDeviceConversion;
		};
		927A943B2AF52BA1007889A4 /* FirebaseAnalyticsSwift */ = {
			isa = XCSwiftPackageProductDependency;
			package = 927A94362AF52BA1007889A4 /* XCRemoteSwiftPackageReference "firebase-ios-sdk" */;
			productName = FirebaseAnalyticsSwift;
		};
		927A943D2AF52BA1007889A4 /* FirebaseAnalyticsWithoutAdIdSupport */ = {
			isa = XCSwiftPackageProductDependency;
			package = 927A94362AF52BA1007889A4 /* XCRemoteSwiftPackageReference "firebase-ios-sdk" */;
			productName = FirebaseAnalyticsWithoutAdIdSupport;
		};
		927A943F2AF52BA1007889A4 /* FirebaseAppCheck */ = {
			isa = XCSwiftPackageProductDependency;
			package = 927A94362AF52BA1007889A4 /* XCRemoteSwiftPackageReference "firebase-ios-sdk" */;
			productName = FirebaseAppCheck;
		};
		927A94422AF52E50007889A4 /* ReceiptParser */ = {
			isa = XCSwiftPackageProductDependency;
			package = 927A94412AF52E50007889A4 /* XCRemoteSwiftPackageReference "purchases-ios" */;
			productName = ReceiptParser;
		};
		927A94442AF52E50007889A4 /* RevenueCat */ = {
			isa = XCSwiftPackageProductDependency;
			package = 927A94412AF52E50007889A4 /* XCRemoteSwiftPackageReference "purchases-ios" */;
			productName = RevenueCat;
		};
		927A94462AF52E50007889A4 /* RevenueCatUI */ = {
			isa = XCSwiftPackageProductDependency;
			package = 927A94412AF52E50007889A4 /* XCRemoteSwiftPackageReference "purchases-ios" */;
			productName = RevenueCatUI;
		};
		927A94652AF53499007889A4 /* FirebaseRemoteConfig */ = {
			isa = XCSwiftPackageProductDependency;
			package = 927A94362AF52BA1007889A4 /* XCRemoteSwiftPackageReference "firebase-ios-sdk" */;
			productName = FirebaseRemoteConfig;
		};
		927CC22F2AFEBA2900A77B20 /* Shiny */ = {
			isa = XCSwiftPackageProductDependency;
			package = 927CC22E2AFEBA2900A77B20 /* XCRemoteSwiftPackageReference "shiny" */;
			productName = Shiny;
		};
		92FBD3D02B07F06400BD1446 /* SwiftDate */ = {
			isa = XCSwiftPackageProductDependency;
			package = 92FBD3CF2B07F06400BD1446 /* XCRemoteSwiftPackageReference "SwiftDate" */;
			productName = SwiftDate;
		};
/* End XCSwiftPackageProductDependency section */
	};
	rootObject = 927A94062AF52857007889A4 /* Project object */;
}
